<?xml version="1.0" encoding="utf-8"?>
<Project ToolsVersion="4.0" xmlns="http://schemas.microsoft.com/developer/msbuild/2003">
  <ItemGroup>
    <ClCompile Include="GameL\Audio.cpp">
      <Filter>リソースファイル</Filter>
    </ClCompile>
    <ClCompile Include="GameL\DirectXDevice.cpp">
      <Filter>リソースファイル</Filter>
    </ClCompile>
    <ClCompile Include="GameL\Draw2DTex_Source.cpp">
      <Filter>リソースファイル</Filter>
    </ClCompile>
    <ClCompile Include="GameL\DrawFont.cpp">
      <Filter>リソースファイル</Filter>
    </ClCompile>
    <ClCompile Include="GameL\DrawTexture.cpp">
      <Filter>リソースファイル</Filter>
    </ClCompile>
    <ClCompile Include="GameL\GameL_Main.cpp">
      <Filter>リソースファイル</Filter>
    </ClCompile>
    <ClCompile Include="GameL\HitBoxManager.cpp">
      <Filter>リソースファイル</Filter>
    </ClCompile>
    <ClCompile Include="GameL\MultiThread.cpp">
      <Filter>リソースファイル</Filter>
    </ClCompile>
    <ClCompile Include="ObjBeamSaber.cpp">
      <Filter>ソースファイル</Filter>
    </ClCompile>
    <ClCompile Include="ObjBlock.cpp">
      <Filter>ソースファイル</Filter>
    </ClCompile>
    <ClCompile Include="ObjHero.cpp">
      <Filter>ソースファイル</Filter>
    </ClCompile>
    <ClCompile Include="ObjStageChoice.cpp">
      <Filter>ソースファイル</Filter>
    </ClCompile>
    <ClCompile Include="ObjTitle.cpp">
      <Filter>ソースファイル</Filter>
    </ClCompile>
    <ClCompile Include="SceneEarth.cpp">
      <Filter>ソースファイル</Filter>
    </ClCompile>
    <ClCompile Include="SceneMain.cpp">
      <Filter>ソースファイル</Filter>
    </ClCompile>
    <ClCompile Include="GameL\SceneManager.cpp">
      <Filter>ソースファイル</Filter>
    </ClCompile>
    <ClCompile Include="SceneStageChoice.cpp">
      <Filter>ソースファイル</Filter>
    </ClCompile>
    <ClCompile Include="SceneTitle.cpp">
      <Filter>ソースファイル</Filter>
    </ClCompile>
    <ClCompile Include="GameL\SetWindow.cpp">
      <Filter>リソースファイル</Filter>
    </ClCompile>
    <ClCompile Include="GameL\UserData.cpp">
      <Filter>リソースファイル</Filter>
    </ClCompile>
    <ClCompile Include="GameL\WICTextureLoader.cpp">
      <Filter>リソースファイル</Filter>
    </ClCompile>
    <ClCompile Include="GameL\WinInputs.cpp">
      <Filter>リソースファイル</Filter>
    </ClCompile>
    <ClCompile Include="ObjCow.cpp">
      <Filter>ソースファイル\敵\牛</Filter>
    </ClCompile>
    <ClCompile Include="UtilityModule.cpp">
      <Filter>ソースファイル</Filter>
    </ClCompile>
    <ClCompile Include="GameL\SceneObjManager.cpp">
      <Filter>リソースファイル</Filter>
    </ClCompile>
    <ClCompile Include="ObjStar.cpp">
      <Filter>ソースファイル</Filter>
    </ClCompile>
    <ClCompile Include="ObjMessage.cpp">
      <Filter>ソースファイル</Filter>
    </ClCompile>
    <ClCompile Include="ObjMiniMap.cpp">
      <Filter>ソースファイル</Filter>
    </ClCompile>
  </ItemGroup>
  <ItemGroup>
    <ClInclude Include="GameL\Audio.h">
      <Filter>リソースファイル</Filter>
    </ClInclude>
    <ClInclude Include="GameL\DirectXDevice.h">
      <Filter>リソースファイル</Filter>
    </ClInclude>
    <ClInclude Include="GameL\DirectXTex.h">
      <Filter>リソースファイル</Filter>
    </ClInclude>
    <ClInclude Include="GameL\DrawFont.h">
      <Filter>リソースファイル</Filter>
    </ClInclude>
    <ClInclude Include="GameL\DrawTexture.h">
      <Filter>リソースファイル</Filter>
    </ClInclude>
    <ClInclude Include="GameHead.h">
      <Filter>ヘッダーファイル</Filter>
    </ClInclude>
    <ClInclude Include="main.h">
      <Filter>ヘッダーファイル</Filter>
    </ClInclude>
    <ClInclude Include="GameL\HitBoxManager.h">
      <Filter>リソースファイル</Filter>
    </ClInclude>
    <ClInclude Include="GameL\MultiThread.h">
      <Filter>リソースファイル</Filter>
    </ClInclude>
    <ClInclude Include="ObjBeamSaber.h">
      <Filter>ソースファイル</Filter>
    </ClInclude>
    <ClInclude Include="ObjBlock.h">
      <Filter>ソースファイル</Filter>
    </ClInclude>
    <ClInclude Include="ObjHero.h">
      <Filter>ソースファイル</Filter>
    </ClInclude>
    <ClInclude Include="ObjStageChoice.h">
      <Filter>ソースファイル</Filter>
    </ClInclude>
    <ClInclude Include="ObjTitle.h">
      <Filter>ソースファイル</Filter>
    </ClInclude>
    <ClInclude Include="SceneEarth.h">
      <Filter>ソースファイル</Filter>
    </ClInclude>
    <ClInclude Include="SceneMain.h">
      <Filter>ソースファイル</Filter>
    </ClInclude>
    <ClInclude Include="GameL\SceneManager.h">
      <Filter>ソースファイル</Filter>
    </ClInclude>
    <ClInclude Include="SceneStageChoice.h">
      <Filter>ソースファイル</Filter>
    </ClInclude>
    <ClInclude Include="SceneTitle.h">
      <Filter>ソースファイル</Filter>
    </ClInclude>
    <ClInclude Include="GameL\SetWindow.h">
      <Filter>リソースファイル</Filter>
    </ClInclude>
    <ClInclude Include="GameL\UserData.h">
      <Filter>リソースファイル</Filter>
    </ClInclude>
    <ClInclude Include="GameL\WICTextureLoader.h">
      <Filter>リソースファイル</Filter>
    </ClInclude>
    <ClInclude Include="GameL\WinInputs.h">
      <Filter>リソースファイル</Filter>
    </ClInclude>
    <ClInclude Include="ObjCow.h">
      <Filter>ソースファイル\敵\牛</Filter>
    </ClInclude>
    <ClInclude Include="UtilityModule.h">
      <Filter>ソースファイル</Filter>
    </ClInclude>
    <ClInclude Include="GameL\SceneObjManager.h">
      <Filter>リソースファイル</Filter>
    </ClInclude>
    <ClInclude Include="ObjStar.h">
      <Filter>ソースファイル</Filter>
    </ClInclude>
    <ClInclude Include="ObjMessage.h">
      <Filter>ソースファイル</Filter>
    </ClInclude>
    <ClInclude Include="ObjMiniMap.h">
      <Filter>ソースファイル</Filter>
    </ClInclude>
  </ItemGroup>
  <ItemGroup>
    <Filter Include="ソースファイル">
      <UniqueIdentifier>{6e56923b-8be8-4e9e-8cbc-d03a020668bf}</UniqueIdentifier>
    </Filter>
    <Filter Include="ヘッダーファイル">
      <UniqueIdentifier>{913dd56b-cd0b-4339-9fc4-d466c1bdad74}</UniqueIdentifier>
    </Filter>
    <Filter Include="リソースファイル">
      <UniqueIdentifier>{493d76fb-61db-49f9-8e86-14f51acd2ca6}</UniqueIdentifier>
    </Filter>
    <Filter Include="ソースファイル\敵">
      <UniqueIdentifier>{88f94019-be6c-4c16-bf7c-05b46e1e8039}</UniqueIdentifier>
    </Filter>
    <Filter Include="ソースファイル\敵\牛">
      <UniqueIdentifier>{b085b3c8-f0bf-4e57-b704-b420c2603a0a}</UniqueIdentifier>
    </Filter>
  </ItemGroup>
  <ItemGroup>
    <None Include="GameL\DirectXTex.inl">
      <Filter>リソースファイル</Filter>
    </None>
  </ItemGroup>
  <ItemGroup>
    <Library Include="GameL\DirectXTex.lib">
      <Filter>リソースファイル</Filter>
    </Library>
  </ItemGroup>
</Project>